
Microsoft Visual Studio Solution File, Format Version 12.00
# Visual Studio Version 17
VisualStudioVersion = 17.3.32922.545
MinimumVisualStudioVersion = 10.0.40219.1
Project("{9A19103F-16F7-4668-BE54-9A1E7A4F7556}") = "Stage0", "Stage0\Stage0.csproj", "{71D8C1E8-7AF8-4F1C-ADF5-9831746978E1}"
EndProject
Project("{2150E333-8FDC-42A3-9474-1A3956D46DE8}") = "Solution Items", "Solution Items", "{D4AC7342-C8B3-43FF-AE68-3A83FE7A9A0B}"
	ProjectSection(SolutionItems) = preProject
		README.md = README.md
	EndProjectSection
EndProject
Project("{9A19103F-16F7-4668-BE54-9A1E7A4F7556}") = "DalFacade", "DalFacade\DalFacade.csproj", "{FB6C3D8A-4C80-4274-B6CF-7378662C142D}"
EndProject
Project("{9A19103F-16F7-4668-BE54-9A1E7A4F7556}") = "DalList", "DalList\DalList.csproj", "{58C2DCDD-AE16-45C4-9CAC-A4FF513C2D66}"
EndProject
Project("{9A19103F-16F7-4668-BE54-9A1E7A4F7556}") = "DalTest", "DalTest\DalTest.csproj", "{9E52C0E0-7465-4DA5-A279-429E4DBFC6C9}"
	ProjectSection(ProjectDependencies) = postProject
		{58C2DCDD-AE16-45C4-9CAC-A4FF513C2D66} = {58C2DCDD-AE16-45C4-9CAC-A4FF513C2D66}
		{FB6C3D8A-4C80-4274-B6CF-7378662C142D} = {FB6C3D8A-4C80-4274-B6CF-7378662C142D}
	EndProjectSection
EndProject
Project("{FAE04EC0-301F-11D3-BF4B-00C04F79EFBC}") = "BL", "BL\BL.csproj", "{0D3C3342-309E-4D77-8097-21DB605BEE7E}"
EndProject
Project("{FAE04EC0-301F-11D3-BF4B-00C04F79EFBC}") = "BlTest", "BlText\BlTest.csproj", "{83F7A479-A68E-4F3C-899C-F0A0C32635C6}"
EndProject
Global
	GlobalSection(SolutionConfigurationPlatforms) = preSolution
		Debug|Any CPU = Debug|Any CPU
		Release|Any CPU = Release|Any CPU
	EndGlobalSection
	GlobalSection(ProjectConfigurationPlatforms) = postSolution
		{71D8C1E8-7AF8-4F1C-ADF5-9831746978E1}.Debug|Any CPU.ActiveCfg = Debug|Any CPU
		{71D8C1E8-7AF8-4F1C-ADF5-9831746978E1}.Debug|Any CPU.Build.0 = Debug|Any CPU
		{71D8C1E8-7AF8-4F1C-ADF5-9831746978E1}.Release|Any CPU.ActiveCfg = Release|Any CPU
		{71D8C1E8-7AF8-4F1C-ADF5-9831746978E1}.Release|Any CPU.Build.0 = Release|Any CPU
		{FB6C3D8A-4C80-4274-B6CF-7378662C142D}.Debug|Any CPU.ActiveCfg = Debug|Any CPU
		{FB6C3D8A-4C80-4274-B6CF-7378662C142D}.Debug|Any CPU.Build.0 = Debug|Any CPU
		{FB6C3D8A-4C80-4274-B6CF-7378662C142D}.Release|Any CPU.ActiveCfg = Release|Any CPU
		{FB6C3D8A-4C80-4274-B6CF-7378662C142D}.Release|Any CPU.Build.0 = Release|Any CPU
		{58C2DCDD-AE16-45C4-9CAC-A4FF513C2D66}.Debug|Any CPU.ActiveCfg = Debug|Any CPU
		{58C2DCDD-AE16-45C4-9CAC-A4FF513C2D66}.Debug|Any CPU.Build.0 = Debug|Any CPU
		{58C2DCDD-AE16-45C4-9CAC-A4FF513C2D66}.Release|Any CPU.ActiveCfg = Release|Any CPU
		{58C2DCDD-AE16-45C4-9CAC-A4FF513C2D66}.Release|Any CPU.Build.0 = Release|Any CPU
		{9E52C0E0-7465-4DA5-A279-429E4DBFC6C9}.Debug|Any CPU.ActiveCfg = Debug|Any CPU
		{9E52C0E0-7465-4DA5-A279-429E4DBFC6C9}.Debug|Any CPU.Build.0 = Debug|Any CPU
		{9E52C0E0-7465-4DA5-A279-429E4DBFC6C9}.Release|Any CPU.ActiveCfg = Release|Any CPU
		{9E52C0E0-7465-4DA5-A279-429E4DBFC6C9}.Release|Any CPU.Build.0 = Release|Any CPU
		{0D3C3342-309E-4D77-8097-21DB605BEE7E}.Debug|Any CPU.ActiveCfg = Debug|Any CPU
		{0D3C3342-309E-4D77-8097-21DB605BEE7E}.Debug|Any CPU.Build.0 = Debug|Any CPU
		{0D3C3342-309E-4D77-8097-21DB605BEE7E}.Release|Any CPU.ActiveCfg = Release|Any CPU
		{0D3C3342-309E-4D77-8097-21DB605BEE7E}.Release|Any CPU.Build.0 = Release|Any CPU
		{83F7A479-A68E-4F3C-899C-F0A0C32635C6}.Debug|Any CPU.ActiveCfg = Debug|Any CPU
		{83F7A479-A68E-4F3C-899C-F0A0C32635C6}.Debug|Any CPU.Build.0 = Debug|Any CPU
		{83F7A479-A68E-4F3C-899C-F0A0C32635C6}.Release|Any CPU.ActiveCfg = Release|Any CPU
		{83F7A479-A68E-4F3C-899C-F0A0C32635C6}.Release|Any CPU.Build.0 = Release|Any CPU
	EndGlobalSection
	GlobalSection(SolutionProperties) = preSolution
		HideSolutionNode = FALSE
	EndGlobalSection
	GlobalSection(ExtensibilityGlobals) = postSolution
		SolutionGuid = {32BF326A-57E0-4769-8514-1793FCCF62A5}
	EndGlobalSection
EndGlobal
